// !$*UTF8*$!
{
	archiveVersion = 1;
	classes = {
	};
	objectVersion = 56;
	objects = {

/* Begin PBXBuildFile section */
		8B0479F9293A7D9A00284659 /* TCPStream.cpp in Sources */ = {isa = PBXBuildFile; fileRef = 8B0479F7293A7D9A00284659 /* TCPStream.cpp */; };
		8B0479FC293A821000284659 /* Packet.cpp in Sources */ = {isa = PBXBuildFile; fileRef = 8B0479FA293A821000284659 /* Packet.cpp */; };
		8B04CBB129198B7500C54F7B /* test.png in Resources */ = {isa = PBXBuildFile; fileRef = 8B04CBB029198B7500C54F7B /* test.png */; };
		8B1FF3AE29130D5500A9C095 /* TudorCraftApp.swift in Sources */ = {isa = PBXBuildFile; fileRef = 8B1FF3AD29130D5500A9C095 /* TudorCraftApp.swift */; };
		8B1FF3B029130D5500A9C095 /* ContentView.swift in Sources */ = {isa = PBXBuildFile; fileRef = 8B1FF3AF29130D5500A9C095 /* ContentView.swift */; };
		8B1FF3B229130D5700A9C095 /* Assets.xcassets in Resources */ = {isa = PBXBuildFile; fileRef = 8B1FF3B129130D5700A9C095 /* Assets.xcassets */; };
		8B1FF3B629130D5700A9C095 /* Preview Assets.xcassets in Resources */ = {isa = PBXBuildFile; fileRef = 8B1FF3B529130D5700A9C095 /* Preview Assets.xcassets */; };
		8B1FF3BD29130F4400A9C095 /* GameView.swift in Sources */ = {isa = PBXBuildFile; fileRef = 8B1FF3BC29130F4400A9C095 /* GameView.swift */; };
		8B1FF3C12913142500A9C095 /* Renderer.cpp in Sources */ = {isa = PBXBuildFile; fileRef = 8B1FF3BF2913142500A9C095 /* Renderer.cpp */; };
		8B1FF3C4291315D300A9C095 /* Foundation.framework in Frameworks */ = {isa = PBXBuildFile; fileRef = 8B1FF3C3291315D300A9C095 /* Foundation.framework */; };
		8B1FF3C6291315D800A9C095 /* QuartzCore.framework in Frameworks */ = {isa = PBXBuildFile; fileRef = 8B1FF3C5291315D800A9C095 /* QuartzCore.framework */; };
		8B1FF3C8291315DC00A9C095 /* Metal.framework in Frameworks */ = {isa = PBXBuildFile; fileRef = 8B1FF3C7291315DC00A9C095 /* Metal.framework */; };
		8B1FF3CA291319E400A9C095 /* MetalKit.framework in Frameworks */ = {isa = PBXBuildFile; fileRef = 8B1FF3C9291319E400A9C095 /* MetalKit.framework */; settings = {ATTRIBUTES = (Required, ); }; };
		8B21827C293BE40C00F7AEFE /* Uuid.cpp in Sources */ = {isa = PBXBuildFile; fileRef = 8B21827A293BE40C00F7AEFE /* Uuid.cpp */; };
		8B2B7A902917C51800916671 /* Math3D.cpp in Sources */ = {isa = PBXBuildFile; fileRef = 8B2B7A8E2917C51800916671 /* Math3D.cpp */; };
		8B5055322927EF29007402FD /* textures.png in Resources */ = {isa = PBXBuildFile; fileRef = 8B5055312927EF29007402FD /* textures.png */; };
		8B53B3E6291697AC00713715 /* TextureAtlas.cpp in Sources */ = {isa = PBXBuildFile; fileRef = 8B53B3E4291697AC00713715 /* TextureAtlas.cpp */; };
		8B672AE729281C4B00E111B1 /* BlockState.cpp in Sources */ = {isa = PBXBuildFile; fileRef = 8B672AE529281C4B00E111B1 /* BlockState.cpp */; };
		8B672AEA29281C5E00E111B1 /* Chunk.cpp in Sources */ = {isa = PBXBuildFile; fileRef = 8B672AE829281C5E00E111B1 /* Chunk.cpp */; };
		8B672AED29281C7200E111B1 /* World.cpp in Sources */ = {isa = PBXBuildFile; fileRef = 8B672AEB29281C7200E111B1 /* World.cpp */; };
		8B9B8322291528F400FB1030 /* GameViewController.mm in Sources */ = {isa = PBXBuildFile; fileRef = 8B9B8321291528F400FB1030 /* GameViewController.mm */; };
		8B9B832E2915951E00FB1030 /* Shaders.metal in Sources */ = {isa = PBXBuildFile; fileRef = 8B9B832D2915951E00FB1030 /* Shaders.metal */; };
		8BC709C52938FD010031B28A /* TCPClient.cpp in Sources */ = {isa = PBXBuildFile; fileRef = 8BC709C32938FD010031B28A /* TCPClient.cpp */; };
		8BC709C829391CAB0031B28A /* VarInt.cpp in Sources */ = {isa = PBXBuildFile; fileRef = 8BC709C629391CAB0031B28A /* VarInt.cpp */; };
/* End PBXBuildFile section */

/* Begin PBXFileReference section */
		8B0479F7293A7D9A00284659 /* TCPStream.cpp */ = {isa = PBXFileReference; lastKnownFileType = sourcecode.cpp.cpp; path = TCPStream.cpp; sourceTree = "<group>"; };
		8B0479F8293A7D9A00284659 /* TCPStream.hpp */ = {isa = PBXFileReference; lastKnownFileType = sourcecode.cpp.h; path = TCPStream.hpp; sourceTree = "<group>"; };
		8B0479FA293A821000284659 /* Packet.cpp */ = {isa = PBXFileReference; lastKnownFileType = sourcecode.cpp.cpp; path = Packet.cpp; sourceTree = "<group>"; };
		8B0479FB293A821000284659 /* Packet.hpp */ = {isa = PBXFileReference; lastKnownFileType = sourcecode.cpp.h; path = Packet.hpp; sourceTree = "<group>"; };
		8B04CBB029198B7500C54F7B /* test.png */ = {isa = PBXFileReference; lastKnownFileType = image.png; path = test.png; sourceTree = "<group>"; };
		8B1FF3AA29130D5500A9C095 /* TudorCraft.app */ = {isa = PBXFileReference; explicitFileType = wrapper.application; includeInIndex = 0; path = TudorCraft.app; sourceTree = BUILT_PRODUCTS_DIR; };
		8B1FF3AD29130D5500A9C095 /* TudorCraftApp.swift */ = {isa = PBXFileReference; lastKnownFileType = sourcecode.swift; path = TudorCraftApp.swift; sourceTree = "<group>"; };
		8B1FF3AF29130D5500A9C095 /* ContentView.swift */ = {isa = PBXFileReference; lastKnownFileType = sourcecode.swift; path = ContentView.swift; sourceTree = "<group>"; };
		8B1FF3B129130D5700A9C095 /* Assets.xcassets */ = {isa = PBXFileReference; lastKnownFileType = folder.assetcatalog; path = Assets.xcassets; sourceTree = "<group>"; };
		8B1FF3B329130D5700A9C095 /* TudorCraft.entitlements */ = {isa = PBXFileReference; lastKnownFileType = text.plist.entitlements; path = TudorCraft.entitlements; sourceTree = "<group>"; };
		8B1FF3B529130D5700A9C095 /* Preview Assets.xcassets */ = {isa = PBXFileReference; lastKnownFileType = folder.assetcatalog; path = "Preview Assets.xcassets"; sourceTree = "<group>"; };
		8B1FF3BC29130F4400A9C095 /* GameView.swift */ = {isa = PBXFileReference; lastKnownFileType = sourcecode.swift; path = GameView.swift; sourceTree = "<group>"; };
		8B1FF3BE2913142500A9C095 /* TudorCraft-Bridging-Header.h */ = {isa = PBXFileReference; lastKnownFileType = sourcecode.c.h; path = "TudorCraft-Bridging-Header.h"; sourceTree = "<group>"; };
		8B1FF3BF2913142500A9C095 /* Renderer.cpp */ = {isa = PBXFileReference; explicitFileType = sourcecode.cpp.cpp; path = Renderer.cpp; sourceTree = "<group>"; };
		8B1FF3C02913142500A9C095 /* Renderer.hpp */ = {isa = PBXFileReference; lastKnownFileType = sourcecode.cpp.h; path = Renderer.hpp; sourceTree = "<group>"; };
		8B1FF3C3291315D300A9C095 /* Foundation.framework */ = {isa = PBXFileReference; lastKnownFileType = wrapper.framework; name = Foundation.framework; path = Platforms/iPhoneOS.platform/Developer/SDKs/iPhoneOS16.1.sdk/System/Library/Frameworks/Foundation.framework; sourceTree = DEVELOPER_DIR; };
		8B1FF3C5291315D800A9C095 /* QuartzCore.framework */ = {isa = PBXFileReference; lastKnownFileType = wrapper.framework; name = QuartzCore.framework; path = Platforms/iPhoneOS.platform/Developer/SDKs/iPhoneOS16.1.sdk/System/Library/Frameworks/QuartzCore.framework; sourceTree = DEVELOPER_DIR; };
		8B1FF3C7291315DC00A9C095 /* Metal.framework */ = {isa = PBXFileReference; lastKnownFileType = wrapper.framework; name = Metal.framework; path = Platforms/iPhoneOS.platform/Developer/SDKs/iPhoneOS16.1.sdk/System/Library/Frameworks/Metal.framework; sourceTree = DEVELOPER_DIR; };
		8B1FF3C9291319E400A9C095 /* MetalKit.framework */ = {isa = PBXFileReference; lastKnownFileType = wrapper.framework; name = MetalKit.framework; path = Platforms/iPhoneOS.platform/Developer/SDKs/iPhoneOS16.1.sdk/System/Library/Frameworks/MetalKit.framework; sourceTree = DEVELOPER_DIR; };
		8B21827A293BE40C00F7AEFE /* Uuid.cpp */ = {isa = PBXFileReference; lastKnownFileType = sourcecode.cpp.cpp; path = Uuid.cpp; sourceTree = "<group>"; };
		8B21827B293BE40C00F7AEFE /* Uuid.hpp */ = {isa = PBXFileReference; lastKnownFileType = sourcecode.cpp.h; path = Uuid.hpp; sourceTree = "<group>"; };
		8B274F14293E925900E09D0C /* PacketTypes.hpp */ = {isa = PBXFileReference; lastKnownFileType = sourcecode.cpp.h; path = PacketTypes.hpp; sourceTree = "<group>"; };
		8B2B7A8E2917C51800916671 /* Math3D.cpp */ = {isa = PBXFileReference; lastKnownFileType = sourcecode.cpp.cpp; path = Math3D.cpp; sourceTree = "<group>"; };
		8B2B7A8F2917C51800916671 /* Math3D.hpp */ = {isa = PBXFileReference; lastKnownFileType = sourcecode.cpp.h; path = Math3D.hpp; sourceTree = "<group>"; };
		8B5055312927EF29007402FD /* textures.png */ = {isa = PBXFileReference; lastKnownFileType = image.png; path = textures.png; sourceTree = "<group>"; };
		8B53B3E4291697AC00713715 /* TextureAtlas.cpp */ = {isa = PBXFileReference; lastKnownFileType = sourcecode.cpp.cpp; path = TextureAtlas.cpp; sourceTree = "<group>"; };
		8B53B3E5291697AC00713715 /* TextureAtlas.hpp */ = {isa = PBXFileReference; lastKnownFileType = sourcecode.cpp.h; path = TextureAtlas.hpp; sourceTree = "<group>"; };
		8B672AE529281C4B00E111B1 /* BlockState.cpp */ = {isa = PBXFileReference; lastKnownFileType = sourcecode.cpp.cpp; path = BlockState.cpp; sourceTree = "<group>"; };
		8B672AE629281C4B00E111B1 /* BlockState.hpp */ = {isa = PBXFileReference; lastKnownFileType = sourcecode.cpp.h; path = BlockState.hpp; sourceTree = "<group>"; };
		8B672AE829281C5E00E111B1 /* Chunk.cpp */ = {isa = PBXFileReference; lastKnownFileType = sourcecode.cpp.cpp; path = Chunk.cpp; sourceTree = "<group>"; };
		8B672AE929281C5E00E111B1 /* Chunk.hpp */ = {isa = PBXFileReference; lastKnownFileType = sourcecode.cpp.h; path = Chunk.hpp; sourceTree = "<group>"; };
		8B672AEB29281C7200E111B1 /* World.cpp */ = {isa = PBXFileReference; lastKnownFileType = sourcecode.cpp.cpp; path = World.cpp; sourceTree = "<group>"; };
		8B672AEC29281C7200E111B1 /* World.hpp */ = {isa = PBXFileReference; lastKnownFileType = sourcecode.cpp.h; path = World.hpp; sourceTree = "<group>"; };
		8B9B8321291528F400FB1030 /* GameViewController.mm */ = {isa = PBXFileReference; lastKnownFileType = sourcecode.cpp.objcpp; path = GameViewController.mm; sourceTree = "<group>"; };
		8B9B83232915290F00FB1030 /* GameViewController.h */ = {isa = PBXFileReference; lastKnownFileType = sourcecode.c.h; path = GameViewController.h; sourceTree = "<group>"; };
		8B9B832B29158E7300FB1030 /* AAPLUtilities.h */ = {isa = PBXFileReference; lastKnownFileType = sourcecode.c.h; path = AAPLUtilities.h; sourceTree = "<group>"; };
		8B9B832C291594DC00FB1030 /* ShaderTypes.h */ = {isa = PBXFileReference; lastKnownFileType = sourcecode.c.h; path = ShaderTypes.h; sourceTree = "<group>"; };
		8B9B832D2915951E00FB1030 /* Shaders.metal */ = {isa = PBXFileReference; lastKnownFileType = sourcecode.metal; path = Shaders.metal; sourceTree = "<group>"; };
		8BC709C32938FD010031B28A /* TCPClient.cpp */ = {isa = PBXFileReference; lastKnownFileType = sourcecode.cpp.cpp; path = TCPClient.cpp; sourceTree = "<group>"; };
		8BC709C42938FD010031B28A /* TCPClient.hpp */ = {isa = PBXFileReference; lastKnownFileType = sourcecode.cpp.h; path = TCPClient.hpp; sourceTree = "<group>"; };
		8BC709C629391CAB0031B28A /* VarInt.cpp */ = {isa = PBXFileReference; lastKnownFileType = sourcecode.cpp.cpp; path = VarInt.cpp; sourceTree = "<group>"; };
		8BC709C729391CAB0031B28A /* VarInt.hpp */ = {isa = PBXFileReference; lastKnownFileType = sourcecode.cpp.h; path = VarInt.hpp; sourceTree = "<group>"; };
/* End PBXFileReference section */

/* Begin PBXFrameworksBuildPhase section */
		8B1FF3A729130D5500A9C095 /* Frameworks */ = {
			isa = PBXFrameworksBuildPhase;
			buildActionMask = 2147483647;
			files = (
				8B1FF3C4291315D300A9C095 /* Foundation.framework in Frameworks */,
				8B1FF3C6291315D800A9C095 /* QuartzCore.framework in Frameworks */,
				8B1FF3C8291315DC00A9C095 /* Metal.framework in Frameworks */,
				8B1FF3CA291319E400A9C095 /* MetalKit.framework in Frameworks */,
			);
			runOnlyForDeploymentPostprocessing = 0;
		};
/* End PBXFrameworksBuildPhase section */

/* Begin PBXGroup section */
		8B0479F6293A7D6800284659 /* Minecraft Protocol */ = {
			isa = PBXGroup;
			children = (
				8B274F14293E925900E09D0C /* PacketTypes.hpp */,
				8B0479FA293A821000284659 /* Packet.cpp */,
				8B0479FB293A821000284659 /* Packet.hpp */,
				8BC709C629391CAB0031B28A /* VarInt.cpp */,
				8BC709C729391CAB0031B28A /* VarInt.hpp */,
				8B21827A293BE40C00F7AEFE /* Uuid.cpp */,
				8B21827B293BE40C00F7AEFE /* Uuid.hpp */,
			);
			path = "Minecraft Protocol";
			sourceTree = "<group>";
		};
		8B1FF3A129130D5500A9C095 = {
			isa = PBXGroup;
			children = (
				8B1FF3AC29130D5500A9C095 /* TudorCraft */,
				8B1FF3AB29130D5500A9C095 /* Products */,
				8B1FF3C2291315D300A9C095 /* Frameworks */,
			);
			sourceTree = "<group>";
		};
		8B1FF3AB29130D5500A9C095 /* Products */ = {
			isa = PBXGroup;
			children = (
				8B1FF3AA29130D5500A9C095 /* TudorCraft.app */,
			);
			name = Products;
			sourceTree = "<group>";
		};
		8B1FF3AC29130D5500A9C095 /* TudorCraft */ = {
			isa = PBXGroup;
			children = (
				8B1FF3BE2913142500A9C095 /* TudorCraft-Bridging-Header.h */,
				8B366B72291FE96A00BC5427 /* Utilities */,
				8B366B6F291FE81900BC5427 /* UI */,
				8B366B71291FE8CB00BC5427 /* Renderer */,
				8B366B70291FE87300BC5427 /* Textures */,
				8B672AE429281C0500E111B1 /* Engine */,
				8BC709C22938FCAC0031B28A /* Networking */,
				8B1FF3B129130D5700A9C095 /* Assets.xcassets */,
				8B1FF3B329130D5700A9C095 /* TudorCraft.entitlements */,
				8B1FF3B429130D5700A9C095 /* Preview Content */,
			);
			path = TudorCraft;
			sourceTree = "<group>";
		};
		8B1FF3B429130D5700A9C095 /* Preview Content */ = {
			isa = PBXGroup;
			children = (
				8B1FF3B529130D5700A9C095 /* Preview Assets.xcassets */,
			);
			path = "Preview Content";
			sourceTree = "<group>";
		};
		8B1FF3C2291315D300A9C095 /* Frameworks */ = {
			isa = PBXGroup;
			children = (
				8B1FF3C9291319E400A9C095 /* MetalKit.framework */,
				8B1FF3C7291315DC00A9C095 /* Metal.framework */,
				8B1FF3C5291315D800A9C095 /* QuartzCore.framework */,
				8B1FF3C3291315D300A9C095 /* Foundation.framework */,
			);
			name = Frameworks;
			sourceTree = "<group>";
		};
		8B366B6F291FE81900BC5427 /* UI */ = {
			isa = PBXGroup;
			children = (
				8B1FF3AD29130D5500A9C095 /* TudorCraftApp.swift */,
				8B1FF3AF29130D5500A9C095 /* ContentView.swift */,
				8B1FF3BC29130F4400A9C095 /* GameView.swift */,
				8B9B83232915290F00FB1030 /* GameViewController.h */,
				8B9B8321291528F400FB1030 /* GameViewController.mm */,
			);
			path = UI;
			sourceTree = "<group>";
		};
		8B366B70291FE87300BC5427 /* Textures */ = {
			isa = PBXGroup;
			children = (
				8B04CBB029198B7500C54F7B /* test.png */,
				8B5055312927EF29007402FD /* textures.png */,
				8B53B3E4291697AC00713715 /* TextureAtlas.cpp */,
				8B53B3E5291697AC00713715 /* TextureAtlas.hpp */,
			);
			path = Textures;
			sourceTree = "<group>";
		};
		8B366B71291FE8CB00BC5427 /* Renderer */ = {
			isa = PBXGroup;
			children = (
				8B9B832C291594DC00FB1030 /* ShaderTypes.h */,
				8B1FF3C02913142500A9C095 /* Renderer.hpp */,
				8B1FF3BF2913142500A9C095 /* Renderer.cpp */,
				8B9B832D2915951E00FB1030 /* Shaders.metal */,
			);
			path = Renderer;
			sourceTree = "<group>";
		};
		8B366B72291FE96A00BC5427 /* Utilities */ = {
			isa = PBXGroup;
			children = (
				8B9B832B29158E7300FB1030 /* AAPLUtilities.h */,
				8B2B7A8F2917C51800916671 /* Math3D.hpp */,
				8B2B7A8E2917C51800916671 /* Math3D.cpp */,
			);
			path = Utilities;
			sourceTree = "<group>";
		};
		8B3ED5D82937D5000071F51E /* World */ = {
			isa = PBXGroup;
			children = (
				8B672AE529281C4B00E111B1 /* BlockState.cpp */,
				8B672AE629281C4B00E111B1 /* BlockState.hpp */,
				8B672AE829281C5E00E111B1 /* Chunk.cpp */,
				8B672AE929281C5E00E111B1 /* Chunk.hpp */,
				8B672AEB29281C7200E111B1 /* World.cpp */,
				8B672AEC29281C7200E111B1 /* World.hpp */,
			);
			path = World;
			sourceTree = "<group>";
		};
		8B672AE429281C0500E111B1 /* Engine */ = {
			isa = PBXGroup;
			children = (
				8B3ED5D82937D5000071F51E /* World */,
			);
			path = Engine;
			sourceTree = "<group>";
		};
		8BC709C22938FCAC0031B28A /* Networking */ = {
			isa = PBXGroup;
			children = (
				8B0479F6293A7D6800284659 /* Minecraft Protocol */,
				8BC709C32938FD010031B28A /* TCPClient.cpp */,
				8BC709C42938FD010031B28A /* TCPClient.hpp */,
				8B0479F7293A7D9A00284659 /* TCPStream.cpp */,
				8B0479F8293A7D9A00284659 /* TCPStream.hpp */,
			);
			path = Networking;
			sourceTree = "<group>";
		};
/* End PBXGroup section */

/* Begin PBXNativeTarget section */
		8B1FF3A929130D5500A9C095 /* TudorCraft */ = {
			isa = PBXNativeTarget;
			buildConfigurationList = 8B1FF3B929130D5700A9C095 /* Build configuration list for PBXNativeTarget "TudorCraft" */;
			buildPhases = (
				8B1FF3A629130D5500A9C095 /* Sources */,
				8B1FF3A729130D5500A9C095 /* Frameworks */,
				8B1FF3A829130D5500A9C095 /* Resources */,
			);
			buildRules = (
			);
			dependencies = (
			);
			name = TudorCraft;
			productName = TudorCraft;
			productReference = 8B1FF3AA29130D5500A9C095 /* TudorCraft.app */;
			productType = "com.apple.product-type.application";
		};
/* End PBXNativeTarget section */

/* Begin PBXProject section */
		8B1FF3A229130D5500A9C095 /* Project object */ = {
			isa = PBXProject;
			attributes = {
				BuildIndependentTargetsInParallel = 1;
				LastSwiftUpdateCheck = 1410;
				LastUpgradeCheck = 1410;
				TargetAttributes = {
					8B1FF3A929130D5500A9C095 = {
						CreatedOnToolsVersion = 14.1;
						LastSwiftMigration = 1410;
					};
				};
			};
			buildConfigurationList = 8B1FF3A529130D5500A9C095 /* Build configuration list for PBXProject "TudorCraft" */;
			compatibilityVersion = "Xcode 14.0";
			developmentRegion = en;
			hasScannedForEncodings = 0;
			knownRegions = (
				en,
				Base,
			);
			mainGroup = 8B1FF3A129130D5500A9C095;
			productRefGroup = 8B1FF3AB29130D5500A9C095 /* Products */;
			projectDirPath = "";
			projectRoot = "";
			targets = (
				8B1FF3A929130D5500A9C095 /* TudorCraft */,
			);
		};
/* End PBXProject section */

/* Begin PBXResourcesBuildPhase section */
		8B1FF3A829130D5500A9C095 /* Resources */ = {
			isa = PBXResourcesBuildPhase;
			buildActionMask = 2147483647;
			files = (
				8B1FF3B629130D5700A9C095 /* Preview Assets.xcassets in Resources */,
				8B1FF3B229130D5700A9C095 /* Assets.xcassets in Resources */,
				8B04CBB129198B7500C54F7B /* test.png in Resources */,
				8B5055322927EF29007402FD /* textures.png in Resources */,
			);
			runOnlyForDeploymentPostprocessing = 0;
		};
/* End PBXResourcesBuildPhase section */

/* Begin PBXSourcesBuildPhase section */
		8B1FF3A629130D5500A9C095 /* Sources */ = {
			isa = PBXSourcesBuildPhase;
			buildActionMask = 2147483647;
			files = (
				8B672AE729281C4B00E111B1 /* BlockState.cpp in Sources */,
				8B21827C293BE40C00F7AEFE /* Uuid.cpp in Sources */,
				8B672AEA29281C5E00E111B1 /* Chunk.cpp in Sources */,
				8B9B832E2915951E00FB1030 /* Shaders.metal in Sources */,
				8B0479FC293A821000284659 /* Packet.cpp in Sources */,
				8BC709C52938FD010031B28A /* TCPClient.cpp in Sources */,
				8B1FF3C12913142500A9C095 /* Renderer.cpp in Sources */,
				8B0479F9293A7D9A00284659 /* TCPStream.cpp in Sources */,
				8B1FF3B029130D5500A9C095 /* ContentView.swift in Sources */,
				8B53B3E6291697AC00713715 /* TextureAtlas.cpp in Sources */,
				8B672AED29281C7200E111B1 /* World.cpp in Sources */,
				8B2B7A902917C51800916671 /* Math3D.cpp in Sources */,
				8B1FF3BD29130F4400A9C095 /* GameView.swift in Sources */,
				8BC709C829391CAB0031B28A /* VarInt.cpp in Sources */,
				8B9B8322291528F400FB1030 /* GameViewController.mm in Sources */,
				8B1FF3AE29130D5500A9C095 /* TudorCraftApp.swift in Sources */,
			);
			runOnlyForDeploymentPostprocessing = 0;
		};
/* End PBXSourcesBuildPhase section */

/* Begin XCBuildConfiguration section */
		8B1FF3B729130D5700A9C095 /* Debug */ = {
			isa = XCBuildConfiguration;
			buildSettings = {
				ALWAYS_SEARCH_USER_PATHS = NO;
				CLANG_ANALYZER_NONNULL = YES;
				CLANG_ANALYZER_NUMBER_OBJECT_CONVERSION = YES_AGGRESSIVE;
				CLANG_CXX_LANGUAGE_STANDARD = "gnu++20";
				CLANG_ENABLE_MODULES = YES;
				CLANG_ENABLE_OBJC_ARC = YES;
				CLANG_ENABLE_OBJC_WEAK = NO;
				CLANG_WARN_BLOCK_CAPTURE_AUTORELEASING = YES;
				CLANG_WARN_BOOL_CONVERSION = YES;
				CLANG_WARN_COMMA = YES;
				CLANG_WARN_CONSTANT_CONVERSION = YES;
				CLANG_WARN_DEPRECATED_OBJC_IMPLEMENTATIONS = YES;
				CLANG_WARN_DIRECT_OBJC_ISA_USAGE = YES_ERROR;
				CLANG_WARN_DOCUMENTATION_COMMENTS = YES;
				CLANG_WARN_EMPTY_BODY = YES;
				CLANG_WARN_ENUM_CONVERSION = YES;
				CLANG_WARN_INFINITE_RECURSION = YES;
				CLANG_WARN_INT_CONVERSION = YES;
				CLANG_WARN_NON_LITERAL_NULL_CONVERSION = YES;
				CLANG_WARN_OBJC_IMPLICIT_RETAIN_SELF = YES;
				CLANG_WARN_OBJC_LITERAL_CONVERSION = YES;
				CLANG_WARN_OBJC_ROOT_CLASS = YES_ERROR;
				CLANG_WARN_QUOTED_INCLUDE_IN_FRAMEWORK_HEADER = YES;
				CLANG_WARN_RANGE_LOOP_ANALYSIS = YES;
				CLANG_WARN_STRICT_PROTOTYPES = YES;
				CLANG_WARN_SUSPICIOUS_MOVE = YES;
				CLANG_WARN_UNGUARDED_AVAILABILITY = YES_AGGRESSIVE;
				CLANG_WARN_UNREACHABLE_CODE = YES;
				CLANG_WARN__DUPLICATE_METHOD_MATCH = YES;
				COPY_PHASE_STRIP = NO;
				DEBUG_INFORMATION_FORMAT = dwarf;
				ENABLE_STRICT_OBJC_MSGSEND = YES;
				ENABLE_TESTABILITY = YES;
				GCC_C_LANGUAGE_STANDARD = gnu11;
				GCC_DYNAMIC_NO_PIC = NO;
				GCC_NO_COMMON_BLOCKS = YES;
				GCC_OPTIMIZATION_LEVEL = 0;
				GCC_PREPROCESSOR_DEFINITIONS = (
					"DEBUG=1",
					"$(inherited)",
				);
				GCC_WARN_64_TO_32_BIT_CONVERSION = YES;
				GCC_WARN_ABOUT_RETURN_TYPE = YES_ERROR;
				GCC_WARN_UNDECLARED_SELECTOR = YES;
				GCC_WARN_UNINITIALIZED_AUTOS = YES_AGGRESSIVE;
				GCC_WARN_UNUSED_FUNCTION = YES;
				GCC_WARN_UNUSED_VARIABLE = YES;
				HEADER_SEARCH_PATHS = "";
				MTL_ENABLE_DEBUG_INFO = INCLUDE_SOURCE;
				MTL_FAST_MATH = YES;
				ONLY_ACTIVE_ARCH = YES;
				SWIFT_ACTIVE_COMPILATION_CONDITIONS = DEBUG;
				SWIFT_OPTIMIZATION_LEVEL = "-Onone";
			};
			name = Debug;
		};
		8B1FF3B829130D5700A9C095 /* Release */ = {
			isa = XCBuildConfiguration;
			buildSettings = {
				ALWAYS_SEARCH_USER_PATHS = NO;
				CLANG_ANALYZER_NONNULL = YES;
				CLANG_ANALYZER_NUMBER_OBJECT_CONVERSION = YES_AGGRESSIVE;
				CLANG_CXX_LANGUAGE_STANDARD = "gnu++20";
				CLANG_ENABLE_MODULES = YES;
				CLANG_ENABLE_OBJC_ARC = YES;
				CLANG_ENABLE_OBJC_WEAK = NO;
				CLANG_WARN_BLOCK_CAPTURE_AUTORELEASING = YES;
				CLANG_WARN_BOOL_CONVERSION = YES;
				CLANG_WARN_COMMA = YES;
				CLANG_WARN_CONSTANT_CONVERSION = YES;
				CLANG_WARN_DEPRECATED_OBJC_IMPLEMENTATIONS = YES;
				CLANG_WARN_DIRECT_OBJC_ISA_USAGE = YES_ERROR;
				CLANG_WARN_DOCUMENTATION_COMMENTS = YES;
				CLANG_WARN_EMPTY_BODY = YES;
				CLANG_WARN_ENUM_CONVERSION = YES;
				CLANG_WARN_INFINITE_RECURSION = YES;
				CLANG_WARN_INT_CONVERSION = YES;
				CLANG_WARN_NON_LITERAL_NULL_CONVERSION = YES;
				CLANG_WARN_OBJC_IMPLICIT_RETAIN_SELF = YES;
				CLANG_WARN_OBJC_LITERAL_CONVERSION = YES;
				CLANG_WARN_OBJC_ROOT_CLASS = YES_ERROR;
				CLANG_WARN_QUOTED_INCLUDE_IN_FRAMEWORK_HEADER = YES;
				CLANG_WARN_RANGE_LOOP_ANALYSIS = YES;
				CLANG_WARN_STRICT_PROTOTYPES = YES;
				CLANG_WARN_SUSPICIOUS_MOVE = YES;
				CLANG_WARN_UNGUARDED_AVAILABILITY = YES_AGGRESSIVE;
				CLANG_WARN_UNREACHABLE_CODE = YES;
				CLANG_WARN__DUPLICATE_METHOD_MATCH = YES;
				COPY_PHASE_STRIP = NO;
				DEBUG_INFORMATION_FORMAT = "dwarf-with-dsym";
				ENABLE_NS_ASSERTIONS = NO;
				ENABLE_STRICT_OBJC_MSGSEND = YES;
				GCC_C_LANGUAGE_STANDARD = gnu11;
				GCC_NO_COMMON_BLOCKS = YES;
				GCC_WARN_64_TO_32_BIT_CONVERSION = YES;
				GCC_WARN_ABOUT_RETURN_TYPE = YES_ERROR;
				GCC_WARN_UNDECLARED_SELECTOR = YES;
				GCC_WARN_UNINITIALIZED_AUTOS = YES_AGGRESSIVE;
				GCC_WARN_UNUSED_FUNCTION = YES;
				GCC_WARN_UNUSED_VARIABLE = YES;
				HEADER_SEARCH_PATHS = "";
				MTL_ENABLE_DEBUG_INFO = NO;
				MTL_FAST_MATH = YES;
				SWIFT_COMPILATION_MODE = wholemodule;
				SWIFT_OPTIMIZATION_LEVEL = "-O";
			};
			name = Release;
		};
		8B1FF3BA29130D5700A9C095 /* Debug */ = {
			isa = XCBuildConfiguration;
			buildSettings = {
				ASSETCATALOG_COMPILER_APPICON_NAME = AppIcon;
				ASSETCATALOG_COMPILER_GLOBAL_ACCENT_COLOR_NAME = AccentColor;
				CLANG_CXX_LANGUAGE_STANDARD = "c++20";
				CLANG_ENABLE_MODULES = YES;
				CLANG_ENABLE_OBJC_WEAK = NO;
				CODE_SIGN_ENTITLEMENTS = TudorCraft/TudorCraft.entitlements;
				CODE_SIGN_STYLE = Automatic;
				CURRENT_PROJECT_VERSION = 1;
				DEVELOPMENT_ASSET_PATHS = "\"TudorCraft/Preview Content\"";
				DEVELOPMENT_TEAM = MX583UVSDV;
				ENABLE_HARDENED_RUNTIME = YES;
				ENABLE_PREVIEWS = YES;
				GCC_INPUT_FILETYPE = automatic;
				GENERATE_INFOPLIST_FILE = YES;
				HEADER_SEARCH_PATHS = (
					CPPMetal/Headers,
					"metal-cpp",
					"stb-image",
				);
				"INFOPLIST_KEY_UIApplicationSceneManifest_Generation[sdk=iphoneos*]" = YES;
				"INFOPLIST_KEY_UIApplicationSceneManifest_Generation[sdk=iphonesimulator*]" = YES;
				"INFOPLIST_KEY_UIApplicationSupportsIndirectInputEvents[sdk=iphoneos*]" = YES;
				"INFOPLIST_KEY_UIApplicationSupportsIndirectInputEvents[sdk=iphonesimulator*]" = YES;
				"INFOPLIST_KEY_UILaunchScreen_Generation[sdk=iphoneos*]" = YES;
				"INFOPLIST_KEY_UILaunchScreen_Generation[sdk=iphonesimulator*]" = YES;
				"INFOPLIST_KEY_UIStatusBarStyle[sdk=iphoneos*]" = UIStatusBarStyleDefault;
				"INFOPLIST_KEY_UIStatusBarStyle[sdk=iphonesimulator*]" = UIStatusBarStyleDefault;
				INFOPLIST_KEY_UISupportedInterfaceOrientations_iPad = "UIInterfaceOrientationPortrait UIInterfaceOrientationPortraitUpsideDown UIInterfaceOrientationLandscapeLeft UIInterfaceOrientationLandscapeRight";
				INFOPLIST_KEY_UISupportedInterfaceOrientations_iPhone = "UIInterfaceOrientationPortrait UIInterfaceOrientationLandscapeLeft UIInterfaceOrientationLandscapeRight";
				IPHONEOS_DEPLOYMENT_TARGET = 16.1;
				LD_RUNPATH_SEARCH_PATHS = "@executable_path/Frameworks";
				"LD_RUNPATH_SEARCH_PATHS[sdk=macosx*]" = "@executable_path/../Frameworks";
				MACOSX_DEPLOYMENT_TARGET = 12.6;
				MARKETING_VERSION = 1.0;
				PRODUCT_BUNDLE_IDENTIFIER = com.toader.TudorCraft;
				PRODUCT_NAME = "$(TARGET_NAME)";
				SDKROOT = auto;
				SUPPORTED_PLATFORMS = "iphoneos iphonesimulator macosx";
				SWIFT_EMIT_LOC_STRINGS = YES;
				SWIFT_OBJC_BRIDGING_HEADER = "TudorCraft/TudorCraft-Bridging-Header.h";
				SWIFT_OPTIMIZATION_LEVEL = "-Onone";
				SWIFT_VERSION = 5.0;
				TARGETED_DEVICE_FAMILY = "1,2";
			};
			name = Debug;
		};
		8B1FF3BB29130D5700A9C095 /* Release */ = {
			isa = XCBuildConfiguration;
			buildSettings = {
				ASSETCATALOG_COMPILER_APPICON_NAME = AppIcon;
				ASSETCATALOG_COMPILER_GLOBAL_ACCENT_COLOR_NAME = AccentColor;
				CLANG_CXX_LANGUAGE_STANDARD = "c++20";
				CLANG_ENABLE_MODULES = YES;
				CLANG_ENABLE_OBJC_WEAK = NO;
				CODE_SIGN_ENTITLEMENTS = TudorCraft/TudorCraft.entitlements;
				CODE_SIGN_STYLE = Automatic;
				CURRENT_PROJECT_VERSION = 1;
				DEVELOPMENT_ASSET_PATHS = "\"TudorCraft/Preview Content\"";
				DEVELOPMENT_TEAM = MX583UVSDV;
				ENABLE_HARDENED_RUNTIME = YES;
				ENABLE_PREVIEWS = YES;
				GCC_INPUT_FILETYPE = automatic;
				GENERATE_INFOPLIST_FILE = YES;
				HEADER_SEARCH_PATHS = (
					CPPMetal/Headers,
					"metal-cpp",
					"stb-image",
				);
				"INFOPLIST_KEY_UIApplicationSceneManifest_Generation[sdk=iphoneos*]" = YES;
				"INFOPLIST_KEY_UIApplicationSceneManifest_Generation[sdk=iphonesimulator*]" = YES;
				"INFOPLIST_KEY_UIApplicationSupportsIndirectInputEvents[sdk=iphoneos*]" = YES;
				"INFOPLIST_KEY_UIApplicationSupportsIndirectInputEvents[sdk=iphonesimulator*]" = YES;
				"INFOPLIST_KEY_UILaunchScreen_Generation[sdk=iphoneos*]" = YES;
				"INFOPLIST_KEY_UILaunchScreen_Generation[sdk=iphonesimulator*]" = YES;
				"INFOPLIST_KEY_UIStatusBarStyle[sdk=iphoneos*]" = UIStatusBarStyleDefault;
				"INFOPLIST_KEY_UIStatusBarStyle[sdk=iphonesimulator*]" = UIStatusBarStyleDefault;
				INFOPLIST_KEY_UISupportedInterfaceOrientations_iPad = "UIInterfaceOrientationPortrait UIInterfaceOrientationPortraitUpsideDown UIInterfaceOrientationLandscapeLeft UIInterfaceOrientationLandscapeRight";
				INFOPLIST_KEY_UISupportedInterfaceOrientations_iPhone = "UIInterfaceOrientationPortrait UIInterfaceOrientationLandscapeLeft UIInterfaceOrientationLandscapeRight";
				IPHONEOS_DEPLOYMENT_TARGET = 16.1;
				LD_RUNPATH_SEARCH_PATHS = "@executable_path/Frameworks";
				"LD_RUNPATH_SEARCH_PATHS[sdk=macosx*]" = "@executable_path/../Frameworks";
				MACOSX_DEPLOYMENT_TARGET = 12.6;
				MARKETING_VERSION = 1.0;
				PRODUCT_BUNDLE_IDENTIFIER = com.toader.TudorCraft;
				PRODUCT_NAME = "$(TARGET_NAME)";
				SDKROOT = auto;
				SUPPORTED_PLATFORMS = "iphoneos iphonesimulator macosx";
				SWIFT_EMIT_LOC_STRINGS = YES;
				SWIFT_OBJC_BRIDGING_HEADER = "TudorCraft/TudorCraft-Bridging-Header.h";
				SWIFT_VERSION = 5.0;
				TARGETED_DEVICE_FAMILY = "1,2";
			};
			name = Release;
		};
/* End XCBuildConfiguration section */

/* Begin XCConfigurationList section */
		8B1FF3A529130D5500A9C095 /* Build configuration list for PBXProject "TudorCraft" */ = {
			isa = XCConfigurationList;
			buildConfigurations = (
				8B1FF3B729130D5700A9C095 /* Debug */,
				8B1FF3B829130D5700A9C095 /* Release */,
			);
			defaultConfigurationIsVisible = 0;
			defaultConfigurationName = Release;
		};
		8B1FF3B929130D5700A9C095 /* Build configuration list for PBXNativeTarget "TudorCraft" */ = {
			isa = XCConfigurationList;
			buildConfigurations = (
				8B1FF3BA29130D5700A9C095 /* Debug */,
				8B1FF3BB29130D5700A9C095 /* Release */,
			);
			defaultConfigurationIsVisible = 0;
			defaultConfigurationName = Release;
		};
/* End XCConfigurationList section */
	};
	rootObject = 8B1FF3A229130D5500A9C095 /* Project object */;
}
